<?xml version="1.0" encoding="utf-8"?>
<Project ToolsVersion="4.0" xmlns="http://schemas.microsoft.com/developer/msbuild/2003">
  <ItemGroup>
    <Filter Include="Abstrak">
      <UniqueIdentifier>{CD27457C-3907-C417-421F-4FEEAE7D2A79}</UniqueIdentifier>
    </Filter>
    <Filter Include="Abstrak\Events">
      <UniqueIdentifier>{116B4060-FD38-3466-E6CC-A48CD23910CB}</UniqueIdentifier>
    </Filter>
  </ItemGroup>
  <ItemGroup>
    <ClInclude Include="src\Abstrak.h" />
    <ClInclude Include="src\Abstrak\App.h">
      <Filter>Abstrak</Filter>
    </ClInclude>
    <ClInclude Include="src\Abstrak\Core.h">
      <Filter>Abstrak</Filter>
    </ClInclude>
    <ClInclude Include="src\Abstrak\EntryPoint.h">
      <Filter>Abstrak</Filter>
    </ClInclude>
    <ClInclude Include="src\Abstrak\Events\AppEvent.h">
      <Filter>Abstrak\Events</Filter>
    </ClInclude>
    <ClInclude Include="src\Abstrak\Events\Event.h">
      <Filter>Abstrak\Events</Filter>
    </ClInclude>
    <ClInclude Include="src\Abstrak\Events\KeyEvent.h">
      <Filter>Abstrak\Events</Filter>
    </ClInclude>
    <ClInclude Include="src\Abstrak\Events\MouseEvents.h">
      <Filter>Abstrak\Events</Filter>
    </ClInclude>
    <ClInclude Include="src\Abstrak\Log.h">
      <Filter>Abstrak</Filter>
    </ClInclude>
  </ItemGroup>
  <ItemGroup>
    <ClCompile Include="src\Abstrak\App.cpp">
      <Filter>Abstrak</Filter>
    </ClCompile>
    <ClCompile Include="src\Abstrak\Log.cpp">
      <Filter>Abstrak</Filter>
    </ClCompile>
  </ItemGroup>
</Project>